{
  "name": "style.dss",
  "version": "1.3.0",
  "lockfileVersion": 1,
  "requires": true,
  "dependencies": {
    "esm": {
      "version": "3.2.0",
      "resolved": "https://registry.npmjs.org/esm/-/esm-3.2.0.tgz",
      "integrity": "sha512-yK4IiHmmInOk9q4xbJXdUfPV0ju7GbRCbhtpe5/gH7nRiD6RAb12Ix7zfsqQkDL5WERwzFlq/eT6zTXDWwIk+w=="
    },
    "jtype-system": {
      "version": "1.0.8",
      "resolved": "https://registry.npmjs.org/jtype-system/-/jtype-system-1.0.8.tgz",
      "integrity": "sha512-vngpSlyOEpHNOiGnsMdnZuCNmuWO81PBC6jUtT83lCHDAoOuUe8WDbSWe2TYWQf/t06mSfbPScLP++wvYMpIZA==",
      "requires": {
        "esm": "^3.0.74"
      }
    },
    "maskingtape.css": {
      "version": "1.5.0",
      "resolved": "https://registry.npmjs.org/maskingtape.css/-/maskingtape.css-1.5.0.tgz",
      "integrity": "sha512-iAAoBBkG8bk0EU50ykbB3AbuIBQ7lgs9gTVRD9ilABt7VZwJCxlr4zjvKRLNW+3/wH/kT6YDoaxyaRu3fP+wSw==",
      "requires": {
        "jtype-system": "^1.0.4"
      }
    }
  }
}
