{
  "name": "style.dss",
  "version": "1.4.0",
  "lockfileVersion": 1,
  "requires": true,
  "dependencies": {
    "bepis": {
      "version": "2.1.19",
      "resolved": "https://registry.npmjs.org/bepis/-/bepis-2.1.19.tgz",
      "integrity": "sha512-Af0SM/z+1Y3Pol252YsqikoN1nGCiJTfHh0bqzQ0zuHPXIHGPCDGLRQDS4wn4r7h3qw010JUYRsQNFNnUQsY3Q==",
      "dev": true
    },
    "esm": {
      "version": "3.2.25",
      "resolved": "https://registry.npmjs.org/esm/-/esm-3.2.25.tgz",
      "integrity": "sha512-U1suiZ2oDVWv4zPO56S0NcR5QriEahGtdN2OR6FiOG4WJvcjBVFB0qI4+eKoWFH483PKGuLuu6V8Z4T5g63UVA=="
    },
    "jtype-system": {
      "version": "1.1.2",
      "resolved": "https://registry.npmjs.org/jtype-system/-/jtype-system-1.1.2.tgz",
      "integrity": "sha512-AZ+sb3RVmAmPM17Po4h7Ikg75D41w0/KscAwFSFgx7hgBT2ZjwsfccbbdDNQ3kw9RkAp0enogztsEgUtCNhBqg==",
      "requires": {
        "esm": "^3.0.74"
      }
    },
    "maskingtape.css": {
      "version": "1.5.1",
      "resolved": "https://registry.npmjs.org/maskingtape.css/-/maskingtape.css-1.5.1.tgz",
      "integrity": "sha512-E/b2d/CGm/Jr2fs4ufxPB3XP5KFccGPqzYO2GokB/SM4WWzMnltEcWuZ/XmsFfY2K8uuBIg2zQCdZlpbJ0WyrQ==",
      "requires": {
        "jtype-system": "^1.0.4"
      }
    }
  }
}
