{
  "name": "style.dss",
  "version": "1.4.0",
  "lockfileVersion": 1,
  "requires": true,
  "dependencies": {
    "bepis": {
      "version": "2.1.19",
      "resolved": "https://registry.npmjs.org/bepis/-/bepis-2.1.19.tgz",
      "integrity": "sha512-Af0SM/z+1Y3Pol252YsqikoN1nGCiJTfHh0bqzQ0zuHPXIHGPCDGLRQDS4wn4r7h3qw010JUYRsQNFNnUQsY3Q==",
      "dev": true
    },
    "esm": {
      "version": "3.2.25",
      "resolved": "https://registry.npmjs.org/esm/-/esm-3.2.25.tgz",
      "integrity": "sha512-U1suiZ2oDVWv4zPO56S0NcR5QriEahGtdN2OR6FiOG4WJvcjBVFB0qI4+eKoWFH483PKGuLuu6V8Z4T5g63UVA=="
    },
    "jtype-system": {
      "version": "1.1.12",
      "resolved": "https://registry.npmjs.org/jtype-system/-/jtype-system-1.1.12.tgz",
      "integrity": "sha512-4hAHg9obQZ64NcFUB40XFcRUzHadiU4D9N8izNf1J/JL39jjCFlYvrSedx8IEIj7VBBUpGrhnYNvO2qhE1uFSA==",
      "requires": {
        "esm": "^3.0.74"
      }
    },
    "maskingtape.css": {
      "version": "1.6.0",
      "resolved": "https://registry.npmjs.org/maskingtape.css/-/maskingtape.css-1.6.0.tgz",
      "integrity": "sha512-mwwnMI/UudIGLhgUXVSXiCk69jSG5PjcyA/kNmeJNxVB7bJnWcZ+n7wmPfujJhcOvBYNT5r2j9PbnJuVT4tKRg==",
      "requires": {
        "jtype-system": "^1.0.4"
      }
    }
  }
}
